
Microsoft Visual Studio Solution File, Format Version 12.00
# Visual Studio Version 16
VisualStudioVersion = 16.0.31501.217
MinimumVisualStudioVersion = 10.0.40219.1
Project("{FAE04EC0-301F-11D3-BF4B-00C04F79EFBC}") = "CSharpClient", "CSharpClient.csproj", "{BF561EEC-BF8A-4537-8F1D-AC1C39B9F7EF}"
EndProject
Global
	GlobalSection(SolutionConfigurationPlatforms) = preSolution
		Debug|Any CPU = Debug|Any CPU
		Release|Any CPU = Release|Any CPU
	EndGlobalSection
	GlobalSection(ProjectConfigurationPlatforms) = postSolution
		{BF561EEC-BF8A-4537-8F1D-AC1C39B9F7EF}.Debug|Any CPU.ActiveCfg = Debug|Any CPU
		{BF561EEC-BF8A-4537-8F1D-AC1C39B9F7EF}.Debug|Any CPU.Build.0 = Debug|Any CPU
		{BF561EEC-BF8A-4537-8F1D-AC1C39B9F7EF}.Release|Any CPU.ActiveCfg = Release|Any CPU
		{BF561EEC-BF8A-4537-8F1D-AC1C39B9F7EF}.Release|Any CPU.Build.0 = Release|Any CPU
	EndGlobalSection
	GlobalSection(SolutionProperties) = preSolution
		HideSolutionNode = FALSE
	EndGlobalSection
	GlobalSection(ExtensibilityGlobals) = postSolution
		SolutionGuid = {A13A322D-0522-4CE3-8E79-000F9F413711}
	EndGlobalSection
EndGlobal
